// !$*UTF8*$!
{
	archiveVersion = 1;
	classes = {
	};
	objectVersion = 46;
	objects = {

/* Begin PBXBuildFile section */
		B93AD33B1AB1831000CB51AF /* main.m in Sources */ = {isa = PBXBuildFile; fileRef = B93AD33A1AB1831000CB51AF /* main.m */; };
		B93AD33E1AB1831000CB51AF /* AppDelegate.m in Sources */ = {isa = PBXBuildFile; fileRef = B93AD33D1AB1831000CB51AF /* AppDelegate.m */; };
		B93AD3411AB1831000CB51AF /* ViewController.m in Sources */ = {isa = PBXBuildFile; fileRef = B93AD3401AB1831000CB51AF /* ViewController.m */; };
		B93AD3441AB1831000CB51AF /* Main.storyboard in Resources */ = {isa = PBXBuildFile; fileRef = B93AD3421AB1831000CB51AF /* Main.storyboard */; };
		B93AD3461AB1831000CB51AF /* Images.xcassets in Resources */ = {isa = PBXBuildFile; fileRef = B93AD3451AB1831000CB51AF /* Images.xcassets */; };
		B93AD3491AB1831000CB51AF /* LaunchScreen.xib in Resources */ = {isa = PBXBuildFile; fileRef = B93AD3471AB1831000CB51AF /* LaunchScreen.xib */; };
		B93AD3551AB1831000CB51AF /* Test2Tests.m in Sources */ = {isa = PBXBuildFile; fileRef = B93AD3541AB1831000CB51AF /* Test2Tests.m */; };
/* End PBXBuildFile section */

/* Begin PBXContainerItemProxy section */
		B93AD34F1AB1831000CB51AF /* PBXContainerItemProxy */ = {
			isa = PBXContainerItemProxy;
			containerPortal = B93AD32D1AB1831000CB51AF /* Project object */;
			proxyType = 1;
			remoteGlobalIDString = B93AD3341AB1831000CB51AF;
			remoteInfo = Test2;
		};
/* End PBXContainerItemProxy section */

/* Begin PBXFileReference section */
		B93AD3351AB1831000CB51AF /* Test2.app */ = {isa = PBXFileReference; explicitFileType = wrapper.application; includeInIndex = 0; path = Test2.app; sourceTree = BUILT_PRODUCTS_DIR; };
		B93AD3391AB1831000CB51AF /* Info.plist */ = {isa = PBXFileReference; lastKnownFileType = text.plist.xml; path = Info.plist; sourceTree = "<group>"; };
		B93AD33A1AB1831000CB51AF /* main.m */ = {isa = PBXFileReference; lastKnownFileType = sourcecode.c.objc; path = main.m; sourceTree = "<group>"; };
		B93AD33C1AB1831000CB51AF /* AppDelegate.h */ = {isa = PBXFileReference; lastKnownFileType = sourcecode.c.h; path = AppDelegate.h; sourceTree = "<group>"; };
		B93AD33D1AB1831000CB51AF /* AppDelegate.m */ = {isa = PBXFileReference; lastKnownFileType = sourcecode.c.objc; path = AppDelegate.m; sourceTree = "<group>"; };
		B93AD33F1AB1831000CB51AF /* ViewController.h */ = {isa = PBXFileReference; lastKnownFileType = sourcecode.c.h; path = ViewController.h; sourceTree = "<group>"; };
		B93AD3401AB1831000CB51AF /* ViewController.m */ = {isa = PBXFileReference; lastKnownFileType = sourcecode.c.objc; path = ViewController.m; sourceTree = "<group>"; };
		B93AD3431AB1831000CB51AF /* Base */ = {isa = PBXFileReference; lastKnownFileType = file.storyboard; name = Base; path = Base.lproj/Main.storyboard; sourceTree = "<group>"; };
		B93AD3451AB1831000CB51AF /* Images.xcassets */ = {isa = PBXFileReference; lastKnownFileType = folder.assetcatalog; path = Images.xcassets; sourceTree = "<group>"; };
		B93AD3481AB1831000CB51AF /* Base */ = {isa = PBXFileReference; lastKnownFileType = file.xib; name = Base; path = Base.lproj/LaunchScreen.xib; sourceTree = "<group>"; };
		B93AD34E1AB1831000CB51AF /* Test2Tests.xctest */ = {isa = PBXFileReference; explicitFileType = wrapper.cfbundle; includeInIndex = 0; path = Test2Tests.xctest; sourceTree = BUILT_PRODUCTS_DIR; };
		B93AD3531AB1831000CB51AF /* Info.plist */ = {isa = PBXFileReference; lastKnownFileType = text.plist.xml; path = Info.plist; sourceTree = "<group>"; };
		B93AD3541AB1831000CB51AF /* Test2Tests.m */ = {isa = PBXFileReference; lastKnownFileType = sourcecode.c.objc; path = Test2Tests.m; sourceTree = "<group>"; };
/* End PBXFileReference section */

/* Begin PBXFrameworksBuildPhase section */
		B93AD3321AB1831000CB51AF /* Frameworks */ = {
			isa = PBXFrameworksBuildPhase;
			buildActionMask = 2147483647;
			files = (
			);
			runOnlyForDeploymentPostprocessing = 0;
		};
		B93AD34B1AB1831000CB51AF /* Frameworks */ = {
			isa = PBXFrameworksBuildPhase;
			buildActionMask = 2147483647;
			files = (
			);
			runOnlyForDeploymentPostprocessing = 0;
		};
/* End PBXFrameworksBuildPhase section */

/* Begin PBXGroup section */
		B93AD32C1AB1831000CB51AF = {
			isa = PBXGroup;
			children = (
				B93AD3371AB1831000CB51AF /* Test2 */,
				B93AD3511AB1831000CB51AF /* Test2Tests */,
				B93AD3361AB1831000CB51AF /* Products */,
			);
			sourceTree = "<group>";
		};
		B93AD3361AB1831000CB51AF /* Products */ = {
			isa = PBXGroup;
			children = (
				B93AD3351AB1831000CB51AF /* Test2.app */,
				B93AD34E1AB1831000CB51AF /* Test2Tests.xctest */,
			);
			name = Products;
			sourceTree = "<group>";
		};
		B93AD3371AB1831000CB51AF /* Test2 */ = {
			isa = PBXGroup;
			children = (
				B93AD33C1AB1831000CB51AF /* AppDelegate.h */,
				B93AD33D1AB1831000CB51AF /* AppDelegate.m */,
				B93AD33F1AB1831000CB51AF /* ViewController.h */,
				B93AD3401AB1831000CB51AF /* ViewController.m */,
				B93AD3421AB1831000CB51AF /* Main.storyboard */,
				B93AD3451AB1831000CB51AF /* Images.xcassets */,
				B93AD3471AB1831000CB51AF /* LaunchScreen.xib */,
				B93AD3381AB1831000CB51AF /* Supporting Files */,
			);
			path = Test2;
			sourceTree = "<group>";
		};
		B93AD3381AB1831000CB51AF /* Supporting Files */ = {
			isa = PBXGroup;
			children = (
				B93AD3391AB1831000CB51AF /* Info.plist */,
				B93AD33A1AB1831000CB51AF /* main.m */,
			);
			name = "Supporting Files";
			sourceTree = "<group>";
		};
		B93AD3511AB1831000CB51AF /* Test2Tests */ = {
			isa = PBXGroup;
			children = (
				B93AD3541AB1831000CB51AF /* Test2Tests.m */,
				B93AD3521AB1831000CB51AF /* Supporting Files */,
			);
			path = Test2Tests;
			sourceTree = "<group>";
		};
		B93AD3521AB1831000CB51AF /* Supporting Files */ = {
			isa = PBXGroup;
			children = (
				B93AD3531AB1831000CB51AF /* Info.plist */,
			);
			name = "Supporting Files";
			sourceTree = "<group>";
		};
/* End PBXGroup section */

/* Begin PBXNativeTarget section */
		B93AD3341AB1831000CB51AF /* Test2 */ = {
			isa = PBXNativeTarget;
			buildConfigurationList = B93AD3581AB1831000CB51AF /* Build configuration list for PBXNativeTarget "Test2" */;
			buildPhases = (
				B93AD3311AB1831000CB51AF /* Sources */,
				B93AD3321AB1831000CB51AF /* Frameworks */,
				B93AD3331AB1831000CB51AF /* Resources */,
			);
			buildRules = (
			);
			dependencies = (
			);
			name = Test2;
			productName = Test2;
			productReference = B93AD3351AB1831000CB51AF /* Test2.app */;
			productType = "com.apple.product-type.application";
		};
		B93AD34D1AB1831000CB51AF /* Test2Tests */ = {
			isa = PBXNativeTarget;
			buildConfigurationList = B93AD35B1AB1831000CB51AF /* Build configuration list for PBXNativeTarget "Test2Tests" */;
			buildPhases = (
				B93AD34A1AB1831000CB51AF /* Sources */,
				B93AD34B1AB1831000CB51AF /* Frameworks */,
				B93AD34C1AB1831000CB51AF /* Resources */,
			);
			buildRules = (
			);
			dependencies = (
				B93AD3501AB1831000CB51AF /* PBXTargetDependency */,
			);
			name = Test2Tests;
			productName = Test2Tests;
			productReference = B93AD34E1AB1831000CB51AF /* Test2Tests.xctest */;
			productType = "com.apple.product-type.bundle.unit-test";
		};
/* End PBXNativeTarget section */

/* Begin PBXProject section */
		B93AD32D1AB1831000CB51AF /* Project object */ = {
			isa = PBXProject;
			attributes = {
				LastUpgradeCheck = 0610;
				ORGANIZATIONNAME = testttt;
				TargetAttributes = {
					B93AD3341AB1831000CB51AF = {
						CreatedOnToolsVersion = 6.1.1;
					};
					B93AD34D1AB1831000CB51AF = {
						CreatedOnToolsVersion = 6.1.1;
						TestTargetID = B93AD3341AB1831000CB51AF;
					};
				};
			};
			buildConfigurationList = B93AD3301AB1831000CB51AF /* Build configuration list for PBXProject "Test2" */;
			compatibilityVersion = "Xcode 3.2";
			developmentRegion = English;
			hasScannedForEncodings = 0;
			knownRegions = (
				en,
				Base,
			);
			mainGroup = B93AD32C1AB1831000CB51AF;
			productRefGroup = B93AD3361AB1831000CB51AF /* Products */;
			projectDirPath = "";
			projectRoot = "";
			targets = (
				B93AD3341AB1831000CB51AF /* Test2 */,
				B93AD34D1AB1831000CB51AF /* Test2Tests */,
			);
		};
/* End PBXProject section */

/* Begin PBXResourcesBuildPhase section */
		B93AD3331AB1831000CB51AF /* Resources */ = {
			isa = PBXResourcesBuildPhase;
			buildActionMask = 2147483647;
			files = (
				B93AD3441AB1831000CB51AF /* Main.storyboard in Resources */,
				B93AD3491AB1831000CB51AF /* LaunchScreen.xib in Resources */,
				B93AD3461AB1831000CB51AF /* Images.xcassets in Resources */,
			);
			runOnlyForDeploymentPostprocessing = 0;
		};
		B93AD34C1AB1831000CB51AF /* Resources */ = {
			isa = PBXResourcesBuildPhase;
			buildActionMask = 2147483647;
			files = (
			);
			runOnlyForDeploymentPostprocessing = 0;
		};
/* End PBXResourcesBuildPhase section */

/* Begin PBXSourcesBuildPhase section */
		B93AD3311AB1831000CB51AF /* Sources */ = {
			isa = PBXSourcesBuildPhase;
			buildActionMask = 2147483647;
			files = (
				B93AD3411AB1831000CB51AF /* ViewController.m in Sources */,
				B93AD33E1AB1831000CB51AF /* AppDelegate.m in Sources */,
				B93AD33B1AB1831000CB51AF /* main.m in Sources */,
			);
			runOnlyForDeploymentPostprocessing = 0;
		};
		B93AD34A1AB1831000CB51AF /* Sources */ = {
			isa = PBXSourcesBuildPhase;
			buildActionMask = 2147483647;
			files = (
				B93AD3551AB1831000CB51AF /* Test2Tests.m in Sources */,
			);
			runOnlyForDeploymentPostprocessing = 0;
		};
/* End PBXSourcesBuildPhase section */

/* Begin PBXTargetDependency section */
		B93AD3501AB1831000CB51AF /* PBXTargetDependency */ = {
			isa = PBXTargetDependency;
			target = B93AD3341AB1831000CB51AF /* Test2 */;
			targetProxy = B93AD34F1AB1831000CB51AF /* PBXContainerItemProxy */;
		};
/* End PBXTargetDependency section */

/* Begin PBXVariantGroup section */
		B93AD3421AB1831000CB51AF /* Main.storyboard */ = {
			isa = PBXVariantGroup;
			children = (
				B93AD3431AB1831000CB51AF /* Base */,
			);
			name = Main.storyboard;
			sourceTree = "<group>";
		};
		B93AD3471AB1831000CB51AF /* LaunchScreen.xib */ = {
			isa = PBXVariantGroup;
			children = (
				B93AD3481AB1831000CB51AF /* Base */,
			);
			name = LaunchScreen.xib;
			sourceTree = "<group>";
		};
/* End PBXVariantGroup section */

/* Begin XCBuildConfiguration section */
		B93AD3561AB1831000CB51AF /* Debug */ = {
			isa = XCBuildConfiguration;
			buildSettings = {
				ALWAYS_SEARCH_USER_PATHS = NO;
				CLANG_CXX_LANGUAGE_STANDARD = "gnu++0x";
				CLANG_CXX_LIBRARY = "libc++";
				CLANG_ENABLE_MODULES = YES;
				CLANG_ENABLE_OBJC_ARC = YES;
				CLANG_WARN_BOOL_CONVERSION = YES;
				CLANG_WARN_CONSTANT_CONVERSION = YES;
				CLANG_WARN_DIRECT_OBJC_ISA_USAGE = YES_ERROR;
				CLANG_WARN_EMPTY_BODY = YES;
				CLANG_WARN_ENUM_CONVERSION = YES;
				CLANG_WARN_INT_CONVERSION = YES;
				CLANG_WARN_OBJC_ROOT_CLASS = YES_ERROR;
				CLANG_WARN_UNREACHABLE_CODE = YES;
				CLANG_WARN__DUPLICATE_METHOD_MATCH = YES;
				"CODE_SIGN_IDENTITY[sdk=iphoneos*]" = "iPhone Developer";
				COPY_PHASE_STRIP = NO;
				ENABLE_STRICT_OBJC_MSGSEND = YES;
				GCC_C_LANGUAGE_STANDARD = gnu99;
				GCC_DYNAMIC_NO_PIC = NO;
				GCC_OPTIMIZATION_LEVEL = 0;
				GCC_PREPROCESSOR_DEFINITIONS = (
					"DEBUG=1",
					"$(inherited)",
				);
				GCC_SYMBOLS_PRIVATE_EXTERN = NO;
				GCC_WARN_64_TO_32_BIT_CONVERSION = YES;
				GCC_WARN_ABOUT_RETURN_TYPE = YES_ERROR;
				GCC_WARN_UNDECLARED_SELECTOR = YES;
				GCC_WARN_UNINITIALIZED_AUTOS = YES_AGGRESSIVE;
				GCC_WARN_UNUSED_FUNCTION = YES;
				GCC_WARN_UNUSED_VARIABLE = YES;
				IPHONEOS_DEPLOYMENT_TARGET = 8.1;
				MTL_ENABLE_DEBUG_INFO = YES;
				ONLY_ACTIVE_ARCH = YES;
				SDKROOT = iphoneos;
				TARGETED_DEVICE_FAMILY = "1,2";
			};
			name = Debug;
		};
		B93AD3571AB1831000CB51AF /* Release */ = {
			isa = XCBuildConfiguration;
			buildSettings = {
				ALWAYS_SEARCH_USER_PATHS = NO;
				CLANG_CXX_LANGUAGE_STANDARD = "gnu++0x";
				CLANG_CXX_LIBRARY = "libc++";
				CLANG_ENABLE_MODULES = YES;
				CLANG_ENABLE_OBJC_ARC = YES;
				CLANG_WARN_BOOL_CONVERSION = YES;
				CLANG_WARN_CONSTANT_CONVERSION = YES;
				CLANG_WARN_DIRECT_OBJC_ISA_USAGE = YES_ERROR;
				CLANG_WARN_EMPTY_BODY = YES;
				CLANG_WARN_ENUM_CONVERSION = YES;
				CLANG_WARN_INT_CONVERSION = YES;
				CLANG_WARN_OBJC_ROOT_CLASS = YES_ERROR;
				CLANG_WARN_UNREACHABLE_CODE = YES;
				CLANG_WARN__DUPLICATE_METHOD_MATCH = YES;
				"CODE_SIGN_IDENTITY[sdk=iphoneos*]" = "iPhone Developer";
				COPY_PHASE_STRIP = YES;
				ENABLE_NS_ASSERTIONS = NO;
				ENABLE_STRICT_OBJC_MSGSEND = YES;
				GCC_C_LANGUAGE_STANDARD = gnu99;
				GCC_WARN_64_TO_32_BIT_CONVERSION = YES;
				GCC_WARN_ABOUT_RETURN_TYPE = YES_ERROR;
				GCC_WARN_UNDECLARED_SELECTOR = YES;
				GCC_WARN_UNINITIALIZED_AUTOS = YES_AGGRESSIVE;
				GCC_WARN_UNUSED_FUNCTION = YES;
				GCC_WARN_UNUSED_VARIABLE = YES;
				IPHONEOS_DEPLOYMENT_TARGET = 8.1;
				MTL_ENABLE_DEBUG_INFO = NO;
				SDKROOT = iphoneos;
				TARGETED_DEVICE_FAMILY = "1,2";
				VALIDATE_PRODUCT = YES;
			};
			name = Release;
		};
		B93AD3591AB1831000CB51AF /* Debug */ = {
			isa = XCBuildConfiguration;
			buildSettings = {
				ASSETCATALOG_COMPILER_APPICON_NAME = AppIcon;
				INFOPLIST_FILE = Test2/Info.plist;
				LD_RUNPATH_SEARCH_PATHS = "$(inherited) @executable_path/Frameworks";
				PRODUCT_NAME = "$(TARGET_NAME)";
			};
			name = Debug;
		};
		B93AD35A1AB1831000CB51AF /* Release */ = {
			isa = XCBuildConfiguration;
			buildSettings = {
				ASSETCATALOG_COMPILER_APPICON_NAME = AppIcon;
				INFOPLIST_FILE = Test2/Info.plist;
				LD_RUNPATH_SEARCH_PATHS = "$(inherited) @executable_path/Frameworks";
				PRODUCT_NAME = "$(TARGET_NAME)";
			};
			name = Release;
		};
		B93AD35C1AB1831000CB51AF /* Debug */ = {
			isa = XCBuildConfiguration;
			buildSettings = {
				BUNDLE_LOADER = "$(TEST_HOST)";
				FRAMEWORK_SEARCH_PATHS = (
					"$(SDKROOT)/Developer/Library/Frameworks",
					"$(inherited)",
				);
				GCC_PREPROCESSOR_DEFINITIONS = (
					"DEBUG=1",
					"$(inherited)",
				);
				INFOPLIST_FILE = Test2Tests/Info.plist;
				LD_RUNPATH_SEARCH_PATHS = "$(inherited) @executable_path/Frameworks @loader_path/Frameworks";
				PRODUCT_NAME = "$(TARGET_NAME)";
				TEST_HOST = "$(BUILT_PRODUCTS_DIR)/Test2.app/Test2";
			};
			name = Debug;
		};
		B93AD35D1AB1831000CB51AF /* Release */ = {
			isa = XCBuildConfiguration;
			buildSettings = {
				BUNDLE_LOADER = "$(TEST_HOST)";
				FRAMEWORK_SEARCH_PATHS = (
					"$(SDKROOT)/Developer/Library/Frameworks",
					"$(inherited)",
				);
				INFOPLIST_FILE = Test2Tests/Info.plist;
				LD_RUNPATH_SEARCH_PATHS = "$(inherited) @executable_path/Frameworks @loader_path/Frameworks";
				PRODUCT_NAME = "$(TARGET_NAME)";
				TEST_HOST = "$(BUILT_PRODUCTS_DIR)/Test2.app/Test2";
			};
			name = Release;
		};
/* End XCBuildConfiguration section */

/* Begin XCConfigurationList section */
		B93AD3301AB1831000CB51AF /* Build configuration list for PBXProject "Test2" */ = {
			isa = XCConfigurationList;
			buildConfigurations = (
				B93AD3561AB1831000CB51AF /* Debug */,
				B93AD3571AB1831000CB51AF /* Release */,
			);
			defaultConfigurationIsVisible = 0;
			defaultConfigurationName = Release;
		};
		B93AD3581AB1831000CB51AF /* Build configuration list for PBXNativeTarget "Test2" */ = {
			isa = XCConfigurationList;
			buildConfigurations = (
				B93AD3591AB1831000CB51AF /* Debug */,
				B93AD35A1AB1831000CB51AF /* Release */,
			);
			defaultConfigurationIsVisible = 0;
		};
		B93AD35B1AB1831000CB51AF /* Build configuration list for PBXNativeTarget "Test2Tests" */ = {
			isa = XCConfigurationList;
			buildConfigurations = (
				B93AD35C1AB1831000CB51AF /* Debug */,
				B93AD35D1AB1831000CB51AF /* Release */,
			);
			defaultConfigurationIsVisible = 0;
		};
/* End XCConfigurationList section */
	};
	rootObject = B93AD32D1AB1831000CB51AF /* Project object */;
}
